<?xml version="1.0" encoding="UTF-8" standalone="yes" ?>
<CodeBlocks_project_file>
	<FileVersion major="1" minor="6" />
	<Project>
		<Option title="SFE MinGW" />
		<Option pch_mode="2" />
		<Option compiler="gnu_gcc_compiler_32_bit" />
		<Build>
			<Target title="SFE Debug">
				<Option output="../../bin/sfe_debug" prefix_auto="1" extension_auto="1" />
				<Option working_dir="../../bin/" />
				<Option object_output="obj/Debug_MinGW/" />
				<Option type="1" />
				<Option compiler="gnu_gcc_compiler_32_bit" />
				<Compiler>
					<Add option="-g" />
				</Compiler>
			</Target>
			<Target title="SFE Release">
				<Option output="../../bin/sfe" prefix_auto="1" extension_auto="1" />
				<Option working_dir="../../bin/" />
				<Option object_output="obj/Release_MinGW/" />
				<Option type="1" />
				<Option compiler="gnu_gcc_compiler_32_bit" />
				<Compiler>
					<Add option="-O3" />
				</Compiler>
				<Linker>
					<Add option="-s" />
				</Linker>
			</Target>
			<Target title="SFE Benchmark Debug">
				<Option output="../../bin/SFE_Benchmark/sfe_benchmark_debug" prefix_auto="1" extension_auto="1" />
				<Option working_dir="../../bin/SFE_Benchmark/" />
				<Option object_output="obj/Debug_MinGW/" />
				<Option type="1" />
				<Option compiler="gnu_gcc_compiler_32_bit" />
				<Compiler>
					<Add option="-g" />
					<Add directory="../engine" />
				</Compiler>
			</Target>
			<Target title="SFE Benchmark Release">
				<Option output="../../bin/SFE_Benchmark/sfe_benchmark" prefix_auto="1" extension_auto="1" />
				<Option working_dir="../../bin/SFE_Benchmark/" />
				<Option object_output="obj/Release_MinGW/" />
				<Option type="1" />
				<Option compiler="gnu_gcc_compiler_32_bit" />
				<Compiler>
					<Add option="-O3" />
					<Add directory="../engine" />
				</Compiler>
				<Linker>
					<Add option="-s" />
				</Linker>
			</Target>
			<Target title="SFE Demo Debug">
				<Option output="../../bin/SFE_Demo/sfe_demo_debug" prefix_auto="1" extension_auto="1" />
				<Option working_dir="../../bin/SFE_Demo/" />
				<Option object_output="obj/Debug_MinGW/" />
				<Option type="1" />
				<Option compiler="gnu_gcc_compiler_32_bit" />
				<Compiler>
					<Add option="-g" />
					<Add directory="../engine" />
				</Compiler>
				<Linker>
					<Add library="opengl32" />
				</Linker>
			</Target>
			<Target title="SFE Demo Release">
				<Option output="../../bin/SFE_Demo/sfe_demo" prefix_auto="1" extension_auto="1" />
				<Option working_dir="../../bin/SFE_Demo/" />
				<Option object_output="obj/Release_MinGW/" />
				<Option type="1" />
				<Option compiler="gnu_gcc_compiler_32_bit" />
				<Compiler>
					<Add option="-O3" />
					<Add directory="../engine" />
				</Compiler>
				<Linker>
					<Add option="-s" />
					<Add library="opengl32" />
				</Linker>
			</Target>
			<Target title="CaveBombers Debug">
				<Option output="../../bin/CaveBombers/cavebombers_debug" prefix_auto="1" extension_auto="1" />
				<Option working_dir="../../bin/CaveBombers/" />
				<Option object_output="obj/Debug_MinGW/" />
				<Option type="1" />
				<Option compiler="gnu_gcc_compiler_32_bit" />
				<Compiler>
					<Add option="-g" />
					<Add directory="../engine" />
				</Compiler>
			</Target>
			<Target title="CaveBombers Release">
				<Option output="../../bin/CaveBombers/cavebombers" prefix_auto="1" extension_auto="1" />
				<Option working_dir="../../bin/CaveBombers/" />
				<Option object_output="obj/Release_MinGW/" />
				<Option type="1" />
				<Option compiler="gnu_gcc_compiler_32_bit" />
				<Compiler>
					<Add option="-O3" />
					<Add directory="../engine" />
				</Compiler>
				<Linker>
					<Add option="-s" />
				</Linker>
			</Target>
			<Target title="Pinball Debug">
				<Option output="../../bin/Pinball/pinball_debug" prefix_auto="1" extension_auto="1" />
				<Option working_dir="../../bin/Pinball/" />
				<Option object_output="obj/Debug_MinGW/" />
				<Option type="1" />
				<Option compiler="gnu_gcc_compiler_32_bit" />
				<Compiler>
					<Add option="-g" />
					<Add directory="../engine" />
				</Compiler>
			</Target>
			<Target title="Pinball Release">
				<Option output="../../bin/Pinball/pinball" prefix_auto="1" extension_auto="1" />
				<Option working_dir="../../bin/Pinball/" />
				<Option object_output="obj/Release_MinGW/" />
				<Option type="1" />
				<Option compiler="gnu_gcc_compiler_32_bit" />
				<Compiler>
					<Add option="-O3" />
					<Add directory="../engine" />
				</Compiler>
				<Linker>
					<Add option="-s" />
				</Linker>
			</Target>
			<Target title="PubLiippari Debug">
				<Option output="../../bin/PubLiippari/publiippari_debug" prefix_auto="1" extension_auto="1" />
				<Option working_dir="../../bin/PubLiippari/" />
				<Option object_output="obj/Debug_MinGW/" />
				<Option type="1" />
				<Option compiler="gnu_gcc_compiler_32_bit" />
				<Compiler>
					<Add option="-g" />
					<Add directory="../engine" />
				</Compiler>
			</Target>
			<Target title="PubLiippari Release">
				<Option output="../../bin/PubLiippari/publiippari" prefix_auto="1" extension_auto="1" />
				<Option working_dir="../../bin/PubLiippari/" />
				<Option object_output="obj/Release_MinGW/" />
				<Option type="1" />
				<Option compiler="gnu_gcc_compiler_32_bit" />
				<Compiler>
					<Add option="-O3" />
					<Add directory="../engine" />
				</Compiler>
				<Linker>
					<Add option="-s" />
				</Linker>
			</Target>
			<Target title="RocketZ Debug">
				<Option output="../../bin/RocketZ/rocketz_debug" prefix_auto="1" extension_auto="1" />
				<Option working_dir="../../bin/RocketZ/" />
				<Option object_output="obj/Debug_MinGW/" />
				<Option type="1" />
				<Option compiler="gnu_gcc_compiler_32_bit" />
				<Compiler>
					<Add option="-g" />
					<Add directory="../engine" />
				</Compiler>
				<Linker>
					<Add library="SDL2_net.dll" />
				</Linker>
			</Target>
			<Target title="RocketZ Release">
				<Option output="../../bin/RocketZ/rocketz" prefix_auto="1" extension_auto="1" />
				<Option working_dir="../../bin/RocketZ/" />
				<Option object_output="obj/Release_MinGW/" />
				<Option type="1" />
				<Option compiler="gnu_gcc_compiler_32_bit" />
				<Compiler>
					<Add option="-O3" />
					<Add directory="../engine" />
				</Compiler>
				<Linker>
					<Add option="-s" />
					<Add library="SDL2_net.dll" />
				</Linker>
			</Target>
			<Target title="Tetrex Debug">
				<Option output="../../bin/Tetrex/tetrex_debug" prefix_auto="1" extension_auto="1" />
				<Option working_dir="../../bin/Tetrex/" />
				<Option object_output="obj/Debug_MinGW/" />
				<Option type="1" />
				<Option compiler="gnu_gcc_compiler_32_bit" />
				<Compiler>
					<Add option="-g" />
					<Add directory="../engine" />
				</Compiler>
			</Target>
			<Target title="Tetrex Release">
				<Option output="../../bin/Tetrex/tetrex" prefix_auto="1" extension_auto="1" />
				<Option working_dir="../../bin/Tetrex/" />
				<Option object_output="obj/Release_MinGW/" />
				<Option type="1" />
				<Option compiler="gnu_gcc_compiler_32_bit" />
				<Compiler>
					<Add option="-O3" />
					<Add directory="../engine" />
				</Compiler>
				<Linker>
					<Add option="-s" />
				</Linker>
			</Target>
			<Target title="SFE Testcode Debug">
				<Option output="../../bin/SFE_Testcode/sfe_testcode_debug" prefix_auto="1" extension_auto="1" />
				<Option working_dir="../../bin/SFE_Testcode/" />
				<Option object_output="obj/Debug_MinGW/" />
				<Option type="1" />
				<Option compiler="gnu_gcc_compiler_32_bit" />
				<Compiler>
					<Add option="-g" />
					<Add directory="../engine" />
				</Compiler>
			</Target>
			<Target title="SFE Testcode Release">
				<Option output="../../bin/SFE_Testcode/sfe_testcode" prefix_auto="1" extension_auto="1" />
				<Option working_dir="../../bin/SFE_Testcode/" />
				<Option object_output="obj/Release_MinGW/" />
				<Option type="1" />
				<Option compiler="gnu_gcc_compiler_32_bit" />
				<Compiler>
					<Add option="-O3" />
					<Add directory="../engine" />
				</Compiler>
				<Linker>
					<Add option="-s" />
				</Linker>
			</Target>
		</Build>
		<Compiler>
			<Add option="-Wall" />
			<Add option="-std=c++1z" />
		</Compiler>
		<Linker>
			<Add library="mingw32" />
			<Add library="SDL2main" />
			<Add library="SDL2.dll" />
			<Add library="SDL2_mixer.dll" />
			<Add library="SDL2_image.dll" />
			<Add library="SDL2_ttf.dll" />
		</Linker>
		<Unit filename="../engine/audio.cpp" />
		<Unit filename="../engine/audio.hpp" />
		<Unit filename="../engine/camera.cpp">
			<Option target="SFE Demo Debug" />
			<Option target="SFE Demo Release" />
			<Option target="SFE Benchmark Debug" />
			<Option target="SFE Benchmark Release" />
		</Unit>
		<Unit filename="../engine/camera.hpp">
			<Option target="SFE Demo Debug" />
			<Option target="SFE Demo Release" />
			<Option target="SFE Benchmark Debug" />
			<Option target="SFE Benchmark Release" />
		</Unit>
		<Unit filename="../engine/color.cpp" />
		<Unit filename="../engine/color.hpp" />
		<Unit filename="../engine/config.cpp" />
		<Unit filename="../engine/config.hpp" />
		<Unit filename="../engine/debug.cpp" />
		<Unit filename="../engine/debug.hpp" />
		<Unit filename="../engine/display.cpp" />
		<Unit filename="../engine/display.hpp" />
		<Unit filename="../engine/display_gl.cpp">
			<Option target="SFE Demo Debug" />
			<Option target="SFE Demo Release" />
		</Unit>
		<Unit filename="../engine/display_gl.hpp">
			<Option target="SFE Demo Debug" />
			<Option target="SFE Demo Release" />
		</Unit>
		<Unit filename="../engine/effux.cpp">
			<Option target="SFE Demo Debug" />
			<Option target="SFE Demo Release" />
			<Option target="RocketZ Debug" />
			<Option target="RocketZ Release" />
			<Option target="CaveBombers Debug" />
			<Option target="CaveBombers Release" />
			<Option target="SFE Testcode Debug" />
			<Option target="SFE Testcode Release" />
			<Option target="SFE Debug" />
			<Option target="SFE Release" />
			<Option target="SFE Benchmark Debug" />
			<Option target="SFE Benchmark Release" />
			<Option target="PubLiippari Debug" />
			<Option target="PubLiippari Release" />
			<Option target="Tetrex Debug" />
			<Option target="Tetrex Release" />
		</Unit>
		<Unit filename="../engine/effux.hpp">
			<Option target="SFE Demo Debug" />
			<Option target="SFE Demo Release" />
			<Option target="RocketZ Debug" />
			<Option target="RocketZ Release" />
			<Option target="CaveBombers Debug" />
			<Option target="CaveBombers Release" />
			<Option target="SFE Testcode Debug" />
			<Option target="SFE Testcode Release" />
			<Option target="SFE Debug" />
			<Option target="SFE Release" />
			<Option target="SFE Benchmark Debug" />
			<Option target="SFE Benchmark Release" />
			<Option target="PubLiippari Debug" />
			<Option target="PubLiippari Release" />
			<Option target="Tetrex Debug" />
			<Option target="Tetrex Release" />
		</Unit>
		<Unit filename="../engine/effux_circles.cpp">
			<Option target="SFE Debug" />
			<Option target="SFE Release" />
			<Option target="SFE Benchmark Debug" />
			<Option target="SFE Benchmark Release" />
			<Option target="SFE Demo Debug" />
			<Option target="SFE Demo Release" />
			<Option target="CaveBombers Debug" />
			<Option target="CaveBombers Release" />
			<Option target="PubLiippari Debug" />
			<Option target="PubLiippari Release" />
			<Option target="RocketZ Debug" />
			<Option target="RocketZ Release" />
			<Option target="Tetrex Debug" />
			<Option target="Tetrex Release" />
			<Option target="SFE Testcode Debug" />
			<Option target="SFE Testcode Release" />
		</Unit>
		<Unit filename="../engine/effux_circles.hpp">
			<Option target="SFE Debug" />
			<Option target="SFE Release" />
			<Option target="SFE Benchmark Debug" />
			<Option target="SFE Benchmark Release" />
			<Option target="SFE Demo Debug" />
			<Option target="SFE Demo Release" />
			<Option target="CaveBombers Debug" />
			<Option target="CaveBombers Release" />
			<Option target="PubLiippari Debug" />
			<Option target="PubLiippari Release" />
			<Option target="RocketZ Debug" />
			<Option target="RocketZ Release" />
			<Option target="Tetrex Debug" />
			<Option target="Tetrex Release" />
			<Option target="SFE Testcode Debug" />
			<Option target="SFE Testcode Release" />
		</Unit>
		<Unit filename="../engine/effux_motionblur.cpp">
			<Option target="SFE Demo Debug" />
			<Option target="SFE Demo Release" />
		</Unit>
		<Unit filename="../engine/effux_motionblur.hpp">
			<Option target="SFE Demo Debug" />
			<Option target="SFE Demo Release" />
		</Unit>
		<Unit filename="../engine/effux_sky.cpp">
			<Option target="RocketZ Debug" />
			<Option target="RocketZ Release" />
		</Unit>
		<Unit filename="../engine/effux_sky.hpp">
			<Option target="RocketZ Debug" />
			<Option target="RocketZ Release" />
		</Unit>
		<Unit filename="../engine/effux_textscroller.cpp">
			<Option target="RocketZ Debug" />
			<Option target="RocketZ Release" />
		</Unit>
		<Unit filename="../engine/effux_textscroller.hpp">
			<Option target="RocketZ Debug" />
			<Option target="RocketZ Release" />
		</Unit>
		<Unit filename="../engine/effux_twister.cpp">
			<Option target="SFE Demo Debug" />
			<Option target="SFE Demo Release" />
		</Unit>
		<Unit filename="../engine/effux_twister.hpp">
			<Option target="SFE Demo Debug" />
			<Option target="SFE Demo Release" />
		</Unit>
		<Unit filename="../engine/geometry.cpp" />
		<Unit filename="../engine/geometry.hpp" />
		<Unit filename="../engine/grapher.cpp" />
		<Unit filename="../engine/grapher.hpp" />
		<Unit filename="../engine/gui.cpp" />
		<Unit filename="../engine/gui.hpp" />
		<Unit filename="../engine/inputdevices.cpp" />
		<Unit filename="../engine/inputdevices.hpp" />
		<Unit filename="../engine/main.cpp">
			<Option target="SFE Debug" />
			<Option target="SFE Release" />
		</Unit>
		<Unit filename="../engine/main.hpp">
			<Option target="SFE Debug" />
			<Option target="SFE Release" />
		</Unit>
		<Unit filename="../engine/midi.cpp">
			<Option target="SFE Debug" />
			<Option target="SFE Release" />
			<Option target="SFE Benchmark Debug" />
			<Option target="SFE Benchmark Release" />
			<Option target="SFE Demo Debug" />
			<Option target="SFE Demo Release" />
			<Option target="CaveBombers Debug" />
			<Option target="CaveBombers Release" />
			<Option target="PubLiippari Debug" />
			<Option target="PubLiippari Release" />
			<Option target="RocketZ Debug" />
			<Option target="RocketZ Release" />
			<Option target="Tetrex Debug" />
			<Option target="Tetrex Release" />
			<Option target="SFE Testcode Debug" />
			<Option target="SFE Testcode Release" />
		</Unit>
		<Unit filename="../engine/midi.hpp">
			<Option target="SFE Debug" />
			<Option target="SFE Release" />
			<Option target="SFE Benchmark Debug" />
			<Option target="SFE Benchmark Release" />
			<Option target="SFE Demo Debug" />
			<Option target="SFE Demo Release" />
			<Option target="CaveBombers Debug" />
			<Option target="CaveBombers Release" />
			<Option target="PubLiippari Debug" />
			<Option target="PubLiippari Release" />
			<Option target="RocketZ Debug" />
			<Option target="RocketZ Release" />
			<Option target="Tetrex Debug" />
			<Option target="Tetrex Release" />
			<Option target="SFE Testcode Debug" />
			<Option target="SFE Testcode Release" />
		</Unit>
		<Unit filename="../engine/misc.cpp" />
		<Unit filename="../engine/misc.hpp" />
		<Unit filename="../engine/network.cpp">
			<Option target="SFE Debug" />
			<Option target="SFE Release" />
			<Option target="SFE Benchmark Debug" />
			<Option target="SFE Benchmark Release" />
			<Option target="SFE Demo Debug" />
			<Option target="SFE Demo Release" />
			<Option target="CaveBombers Debug" />
			<Option target="CaveBombers Release" />
			<Option target="PubLiippari Debug" />
			<Option target="PubLiippari Release" />
			<Option target="RocketZ Debug" />
			<Option target="RocketZ Release" />
			<Option target="Tetrex Debug" />
			<Option target="Tetrex Release" />
			<Option target="SFE Testcode Debug" />
			<Option target="SFE Testcode Release" />
		</Unit>
		<Unit filename="../engine/network.hpp">
			<Option target="SFE Debug" />
			<Option target="SFE Release" />
			<Option target="SFE Benchmark Debug" />
			<Option target="SFE Benchmark Release" />
			<Option target="SFE Demo Debug" />
			<Option target="SFE Demo Release" />
			<Option target="CaveBombers Debug" />
			<Option target="CaveBombers Release" />
			<Option target="PubLiippari Debug" />
			<Option target="PubLiippari Release" />
			<Option target="RocketZ Debug" />
			<Option target="RocketZ Release" />
			<Option target="Tetrex Debug" />
			<Option target="Tetrex Release" />
			<Option target="SFE Testcode Debug" />
			<Option target="SFE Testcode Release" />
		</Unit>
		<Unit filename="../engine/options.hpp" />
		<Unit filename="../engine/particle.cpp">
			<Option target="RocketZ Debug" />
			<Option target="RocketZ Release" />
		</Unit>
		<Unit filename="../engine/particle.hpp">
			<Option target="RocketZ Debug" />
			<Option target="RocketZ Release" />
		</Unit>
		<Unit filename="../engine/program.cpp" />
		<Unit filename="../engine/program.hpp" />
		<Unit filename="../engine/space.cpp">
			<Option target="Pinball Debug" />
			<Option target="Pinball Release" />
			<Option target="RocketZ Debug" />
			<Option target="RocketZ Release" />
		</Unit>
		<Unit filename="../engine/space.hpp">
			<Option target="Pinball Debug" />
			<Option target="Pinball Release" />
			<Option target="RocketZ Debug" />
			<Option target="RocketZ Release" />
		</Unit>
		<Unit filename="../engine/sprite.cpp">
			<Option target="SFE Demo Debug" />
			<Option target="SFE Demo Release" />
			<Option target="SFE Benchmark Debug" />
			<Option target="SFE Benchmark Release" />
		</Unit>
		<Unit filename="../engine/sprite.hpp">
			<Option target="SFE Demo Debug" />
			<Option target="SFE Demo Release" />
			<Option target="SFE Benchmark Debug" />
			<Option target="SFE Benchmark Release" />
		</Unit>
		<Unit filename="../engine/timeline.cpp">
			<Option target="SFE Debug" />
			<Option target="SFE Release" />
			<Option target="SFE Benchmark Debug" />
			<Option target="SFE Benchmark Release" />
			<Option target="SFE Demo Debug" />
			<Option target="SFE Demo Release" />
			<Option target="CaveBombers Debug" />
			<Option target="CaveBombers Release" />
			<Option target="PubLiippari Debug" />
			<Option target="PubLiippari Release" />
			<Option target="RocketZ Debug" />
			<Option target="RocketZ Release" />
			<Option target="Tetrex Debug" />
			<Option target="Tetrex Release" />
			<Option target="SFE Testcode Debug" />
			<Option target="SFE Testcode Release" />
		</Unit>
		<Unit filename="../engine/timeline.hpp">
			<Option target="SFE Debug" />
			<Option target="SFE Release" />
			<Option target="SFE Benchmark Debug" />
			<Option target="SFE Benchmark Release" />
			<Option target="SFE Demo Debug" />
			<Option target="SFE Demo Release" />
			<Option target="CaveBombers Debug" />
			<Option target="CaveBombers Release" />
			<Option target="PubLiippari Debug" />
			<Option target="PubLiippari Release" />
			<Option target="RocketZ Debug" />
			<Option target="RocketZ Release" />
			<Option target="Tetrex Debug" />
			<Option target="Tetrex Release" />
			<Option target="SFE Testcode Debug" />
			<Option target="SFE Testcode Release" />
		</Unit>
		<Unit filename="../engine/world.cpp">
			<Option target="SFE Demo Debug" />
			<Option target="SFE Demo Release" />
			<Option target="SFE Benchmark Debug" />
			<Option target="SFE Benchmark Release" />
		</Unit>
		<Unit filename="../engine/world.hpp">
			<Option target="SFE Demo Debug" />
			<Option target="SFE Demo Release" />
			<Option target="SFE Benchmark Debug" />
			<Option target="SFE Benchmark Release" />
		</Unit>
		<Unit filename="../engine/zbuf.cpp">
			<Option target="SFE Debug" />
			<Option target="SFE Release" />
			<Option target="SFE Benchmark Debug" />
			<Option target="SFE Benchmark Release" />
			<Option target="SFE Demo Debug" />
			<Option target="SFE Demo Release" />
			<Option target="SFE Testcode Debug" />
			<Option target="SFE Testcode Release" />
		</Unit>
		<Unit filename="../engine/zbuf.hpp">
			<Option target="SFE Debug" />
			<Option target="SFE Release" />
			<Option target="SFE Benchmark Debug" />
			<Option target="SFE Benchmark Release" />
			<Option target="SFE Demo Debug" />
			<Option target="SFE Demo Release" />
			<Option target="SFE Testcode Debug" />
			<Option target="SFE Testcode Release" />
		</Unit>
		<Unit filename="../programs/cavebombers/cavebombers.cpp">
			<Option target="CaveBombers Debug" />
			<Option target="CaveBombers Release" />
		</Unit>
		<Unit filename="../programs/cavebombers/cavebombers.hpp">
			<Option target="CaveBombers Debug" />
			<Option target="CaveBombers Release" />
		</Unit>
		<Unit filename="../programs/cavebombers/filenames.hpp">
			<Option target="CaveBombers Debug" />
			<Option target="CaveBombers Release" />
		</Unit>
		<Unit filename="../programs/cavebombers/main.cpp">
			<Option target="CaveBombers Debug" />
			<Option target="CaveBombers Release" />
		</Unit>
		<Unit filename="../programs/pinball/filenames.hpp">
			<Option target="Pinball Debug" />
			<Option target="Pinball Release" />
		</Unit>
		<Unit filename="../programs/pinball/main.cpp">
			<Option target="Pinball Debug" />
			<Option target="Pinball Release" />
		</Unit>
		<Unit filename="../programs/pinball/pinball.cpp">
			<Option target="Pinball Debug" />
			<Option target="Pinball Release" />
		</Unit>
		<Unit filename="../programs/pinball/pinball.hpp">
			<Option target="Pinball Debug" />
			<Option target="Pinball Release" />
		</Unit>
		<Unit filename="../programs/publiippari/filenames.hpp">
			<Option target="PubLiippari Debug" />
			<Option target="PubLiippari Release" />
		</Unit>
		<Unit filename="../programs/publiippari/main.cpp">
			<Option target="PubLiippari Debug" />
			<Option target="PubLiippari Release" />
		</Unit>
		<Unit filename="../programs/publiippari/publiippari.cpp">
			<Option target="PubLiippari Debug" />
			<Option target="PubLiippari Release" />
		</Unit>
		<Unit filename="../programs/publiippari/publiippari.hpp">
			<Option target="PubLiippari Debug" />
			<Option target="PubLiippari Release" />
		</Unit>
		<Unit filename="../programs/rocketz/base.cpp">
			<Option target="RocketZ Debug" />
			<Option target="RocketZ Release" />
		</Unit>
		<Unit filename="../programs/rocketz/base.hpp">
			<Option target="RocketZ Debug" />
			<Option target="RocketZ Release" />
		</Unit>
		<Unit filename="../programs/rocketz/beam.cpp">
			<Option target="RocketZ Debug" />
			<Option target="RocketZ Release" />
		</Unit>
		<Unit filename="../programs/rocketz/beam.hpp">
			<Option target="RocketZ Debug" />
			<Option target="RocketZ Release" />
		</Unit>
		<Unit filename="../programs/rocketz/block.cpp">
			<Option target="RocketZ Debug" />
			<Option target="RocketZ Release" />
		</Unit>
		<Unit filename="../programs/rocketz/block.hpp">
			<Option target="RocketZ Debug" />
			<Option target="RocketZ Release" />
		</Unit>
		<Unit filename="../programs/rocketz/building.cpp">
			<Option target="RocketZ Debug" />
			<Option target="RocketZ Release" />
		</Unit>
		<Unit filename="../programs/rocketz/building.hpp">
			<Option target="RocketZ Debug" />
			<Option target="RocketZ Release" />
		</Unit>
		<Unit filename="../programs/rocketz/computerplayer.cpp">
			<Option target="RocketZ Debug" />
			<Option target="RocketZ Release" />
		</Unit>
		<Unit filename="../programs/rocketz/computerplayer.hpp">
			<Option target="RocketZ Debug" />
			<Option target="RocketZ Release" />
		</Unit>
		<Unit filename="../programs/rocketz/explosion.cpp">
			<Option target="RocketZ Debug" />
			<Option target="RocketZ Release" />
		</Unit>
		<Unit filename="../programs/rocketz/explosion.hpp">
			<Option target="RocketZ Debug" />
			<Option target="RocketZ Release" />
		</Unit>
		<Unit filename="../programs/rocketz/filenames.hpp">
			<Option target="RocketZ Debug" />
			<Option target="RocketZ Release" />
		</Unit>
		<Unit filename="../programs/rocketz/fire.cpp">
			<Option target="RocketZ Debug" />
			<Option target="RocketZ Release" />
		</Unit>
		<Unit filename="../programs/rocketz/fire.hpp">
			<Option target="RocketZ Debug" />
			<Option target="RocketZ Release" />
		</Unit>
		<Unit filename="../programs/rocketz/gadget.cpp">
			<Option target="RocketZ Debug" />
			<Option target="RocketZ Release" />
		</Unit>
		<Unit filename="../programs/rocketz/gadget.hpp">
			<Option target="RocketZ Debug" />
			<Option target="RocketZ Release" />
		</Unit>
		<Unit filename="../programs/rocketz/gameplay.cpp">
			<Option target="RocketZ Debug" />
			<Option target="RocketZ Release" />
		</Unit>
		<Unit filename="../programs/rocketz/gameplay.hpp">
			<Option target="RocketZ Debug" />
			<Option target="RocketZ Release" />
		</Unit>
		<Unit filename="../programs/rocketz/gamespace.cpp">
			<Option target="RocketZ Debug" />
			<Option target="RocketZ Release" />
		</Unit>
		<Unit filename="../programs/rocketz/gamespace.hpp">
			<Option target="RocketZ Debug" />
			<Option target="RocketZ Release" />
		</Unit>
		<Unit filename="../programs/rocketz/gauge.cpp">
			<Option target="RocketZ Debug" />
			<Option target="RocketZ Release" />
		</Unit>
		<Unit filename="../programs/rocketz/gauge.hpp">
			<Option target="RocketZ Debug" />
			<Option target="RocketZ Release" />
		</Unit>
		<Unit filename="../programs/rocketz/human.cpp">
			<Option target="RocketZ Debug" />
			<Option target="RocketZ Release" />
		</Unit>
		<Unit filename="../programs/rocketz/human.hpp">
			<Option target="RocketZ Debug" />
			<Option target="RocketZ Release" />
		</Unit>
		<Unit filename="../programs/rocketz/item.cpp">
			<Option target="RocketZ Debug" />
			<Option target="RocketZ Release" />
		</Unit>
		<Unit filename="../programs/rocketz/item.hpp">
			<Option target="RocketZ Debug" />
			<Option target="RocketZ Release" />
		</Unit>
		<Unit filename="../programs/rocketz/level.cpp">
			<Option target="RocketZ Debug" />
			<Option target="RocketZ Release" />
		</Unit>
		<Unit filename="../programs/rocketz/level.hpp">
			<Option target="RocketZ Debug" />
			<Option target="RocketZ Release" />
		</Unit>
		<Unit filename="../programs/rocketz/main.cpp">
			<Option target="RocketZ Debug" />
			<Option target="RocketZ Release" />
		</Unit>
		<Unit filename="../programs/rocketz/netplayer.cpp">
			<Option target="RocketZ Debug" />
			<Option target="RocketZ Release" />
		</Unit>
		<Unit filename="../programs/rocketz/netplayer.hpp">
			<Option target="RocketZ Debug" />
			<Option target="RocketZ Release" />
		</Unit>
		<Unit filename="../programs/rocketz/player.cpp">
			<Option target="RocketZ Debug" />
			<Option target="RocketZ Release" />
		</Unit>
		<Unit filename="../programs/rocketz/player.hpp">
			<Option target="RocketZ Debug" />
			<Option target="RocketZ Release" />
		</Unit>
		<Unit filename="../programs/rocketz/rain.cpp">
			<Option target="RocketZ Debug" />
			<Option target="RocketZ Release" />
		</Unit>
		<Unit filename="../programs/rocketz/rain.hpp">
			<Option target="RocketZ Debug" />
			<Option target="RocketZ Release" />
		</Unit>
		<Unit filename="../programs/rocketz/rocketz.cpp">
			<Option target="RocketZ Debug" />
			<Option target="RocketZ Release" />
		</Unit>
		<Unit filename="../programs/rocketz/rocketz.hpp">
			<Option target="RocketZ Debug" />
			<Option target="RocketZ Release" />
		</Unit>
		<Unit filename="../programs/rocketz/server.cpp">
			<Option target="RocketZ Debug" />
			<Option target="RocketZ Release" />
		</Unit>
		<Unit filename="../programs/rocketz/server.hpp">
			<Option target="RocketZ Debug" />
			<Option target="RocketZ Release" />
		</Unit>
		<Unit filename="../programs/rocketz/shield.cpp">
			<Option target="RocketZ Debug" />
			<Option target="RocketZ Release" />
		</Unit>
		<Unit filename="../programs/rocketz/shield.hpp">
			<Option target="RocketZ Debug" />
			<Option target="RocketZ Release" />
		</Unit>
		<Unit filename="../programs/rocketz/shop.cpp">
			<Option target="RocketZ Debug" />
			<Option target="RocketZ Release" />
		</Unit>
		<Unit filename="../programs/rocketz/shop.hpp">
			<Option target="RocketZ Debug" />
			<Option target="RocketZ Release" />
		</Unit>
		<Unit filename="../programs/rocketz/smoke.cpp">
			<Option target="RocketZ Debug" />
			<Option target="RocketZ Release" />
		</Unit>
		<Unit filename="../programs/rocketz/smoke.hpp">
			<Option target="RocketZ Debug" />
			<Option target="RocketZ Release" />
		</Unit>
		<Unit filename="../programs/rocketz/vehicle.cpp">
			<Option target="RocketZ Debug" />
			<Option target="RocketZ Release" />
		</Unit>
		<Unit filename="../programs/rocketz/vehicle.hpp">
			<Option target="RocketZ Debug" />
			<Option target="RocketZ Release" />
		</Unit>
		<Unit filename="../programs/rocketz/weapon.cpp">
			<Option target="RocketZ Debug" />
			<Option target="RocketZ Release" />
		</Unit>
		<Unit filename="../programs/rocketz/weapon.hpp">
			<Option target="RocketZ Debug" />
			<Option target="RocketZ Release" />
		</Unit>
		<Unit filename="../programs/sfe_benchmark/main.cpp">
			<Option target="SFE Benchmark Debug" />
			<Option target="SFE Benchmark Release" />
		</Unit>
		<Unit filename="../programs/sfe_benchmark/sfe_benchmark.cpp">
			<Option target="SFE Benchmark Debug" />
			<Option target="SFE Benchmark Release" />
		</Unit>
		<Unit filename="../programs/sfe_benchmark/sfe_benchmark.hpp">
			<Option target="SFE Benchmark Debug" />
			<Option target="SFE Benchmark Release" />
		</Unit>
		<Unit filename="../programs/sfe_demo/main.cpp">
			<Option target="SFE Demo Debug" />
			<Option target="SFE Demo Release" />
		</Unit>
		<Unit filename="../programs/sfe_demo/sfe_demo.cpp">
			<Option target="SFE Demo Debug" />
			<Option target="SFE Demo Release" />
		</Unit>
		<Unit filename="../programs/sfe_demo/sfe_demo.hpp">
			<Option target="SFE Demo Debug" />
			<Option target="SFE Demo Release" />
		</Unit>
		<Unit filename="../programs/sfe_testcode/main.cpp">
			<Option target="SFE Testcode Debug" />
			<Option target="SFE Testcode Release" />
		</Unit>
		<Unit filename="../programs/sfe_testcode/sfe_testcode.cpp">
			<Option target="SFE Testcode Debug" />
			<Option target="SFE Testcode Release" />
		</Unit>
		<Unit filename="../programs/sfe_testcode/sfe_testcode.hpp">
			<Option target="SFE Testcode Debug" />
			<Option target="SFE Testcode Release" />
		</Unit>
		<Unit filename="../programs/tetrex/filenames.hpp">
			<Option target="Tetrex Debug" />
			<Option target="Tetrex Release" />
		</Unit>
		<Unit filename="../programs/tetrex/main.cpp">
			<Option target="Tetrex Debug" />
			<Option target="Tetrex Release" />
		</Unit>
		<Unit filename="../programs/tetrex/tetrex.cpp">
			<Option target="Tetrex Debug" />
			<Option target="Tetrex Release" />
		</Unit>
		<Unit filename="../programs/tetrex/tetrex.hpp">
			<Option target="Tetrex Debug" />
			<Option target="Tetrex Release" />
		</Unit>
		<Extensions>
			<code_completion />
			<envvars />
			<debugger />
		</Extensions>
	</Project>
</CodeBlocks_project_file>
