<?xml version="1.0" encoding="UTF-8" standalone="yes" ?>
<CodeBlocks_project_file>
	<FileVersion major="1" minor="6" />
	<Project>
		<Option title="SFE MinGW" />
		<Option pch_mode="2" />
		<Option compiler="gnu_gcc_compiler_64_bit" />
		<Build>
			<Target title="SFE Debug">
				<Option output="../../bin/sfe_debug" prefix_auto="1" extension_auto="1" />
				<Option working_dir="../../bin/" />
				<Option object_output="obj/Debug_MinGW/" />
				<Option type="1" />
				<Option compiler="gnu_gcc_compiler_64_bit" />
				<Compiler>
					<Add option="-g" />
				</Compiler>
			</Target>
			<Target title="SFE Release">
				<Option output="../../bin/sfe" prefix_auto="1" extension_auto="1" />
				<Option working_dir="../../bin/" />
				<Option object_output="obj/Release_MinGW/" />
				<Option type="1" />
				<Option compiler="gnu_gcc_compiler_64_bit" />
				<Compiler>
					<Add option="-O3" />
				</Compiler>
				<Linker>
					<Add option="-s" />
				</Linker>
			</Target>
			<Target title="SFE Benchmark Debug">
				<Option output="../../bin/SFE_Benchmark/sfe_benchmark_debug" prefix_auto="1" extension_auto="1" />
				<Option working_dir="../../bin/SFE_Benchmark/" />
				<Option object_output="obj/Debug_MinGW/" />
				<Option type="1" />
				<Option compiler="gnu_gcc_compiler_64_bit" />
				<Compiler>
					<Add option="-g" />
					<Add directory="../../src" />
				</Compiler>
			</Target>
			<Target title="SFE Benchmark Release">
				<Option output="../../bin/SFE_Benchmark/sfe_benchmark" prefix_auto="1" extension_auto="1" />
				<Option working_dir="../../bin/SFE_Benchmark/" />
				<Option object_output="obj/Release_MinGW/" />
				<Option type="1" />
				<Option compiler="gnu_gcc_compiler_64_bit" />
				<Compiler>
					<Add option="-O3" />
					<Add directory="../../src" />
				</Compiler>
				<Linker>
					<Add option="-s" />
				</Linker>
			</Target>
			<Target title="SFE Demo Debug">
				<Option output="../../bin/SFE_Demo/sfe_demo_debug" prefix_auto="1" extension_auto="1" />
				<Option working_dir="../../bin/SFE_Demo/" />
				<Option object_output="obj/Debug_MinGW/" />
				<Option type="1" />
				<Option compiler="gnu_gcc_compiler_64_bit" />
				<Compiler>
					<Add option="-g" />
					<Add directory="../../src" />
				</Compiler>
			</Target>
			<Target title="SFE Demo Release">
				<Option output="../../bin/SFE_Demo/sfe_demo" prefix_auto="1" extension_auto="1" />
				<Option working_dir="../../bin/SFE_Demo/" />
				<Option object_output="obj/Release_MinGW/" />
				<Option type="1" />
				<Option compiler="gnu_gcc_compiler_64_bit" />
				<Compiler>
					<Add option="-O3" />
					<Add directory="../../src" />
				</Compiler>
				<Linker>
					<Add option="-s" />
				</Linker>
			</Target>
			<Target title="CaveBombers Debug">
				<Option output="../../bin/CaveBombers/cavebombers_debug" prefix_auto="1" extension_auto="1" />
				<Option working_dir="../../bin/CaveBombers/" />
				<Option object_output="obj/Debug_MinGW/" />
				<Option type="1" />
				<Option compiler="gnu_gcc_compiler_64_bit" />
				<Compiler>
					<Add option="-g" />
					<Add directory="../../src" />
				</Compiler>
			</Target>
			<Target title="CaveBombers Release">
				<Option output="../../bin/CaveBombers/cavebombers" prefix_auto="1" extension_auto="1" />
				<Option working_dir="../../bin/CaveBombers/" />
				<Option object_output="obj/Release_MinGW/" />
				<Option type="1" />
				<Option compiler="gnu_gcc_compiler_64_bit" />
				<Compiler>
					<Add option="-O3" />
					<Add directory="../../src" />
				</Compiler>
				<Linker>
					<Add option="-s" />
				</Linker>
			</Target>
			<Target title="Pinball Debug">
				<Option output="../../bin/Pinball/pinball_debug" prefix_auto="1" extension_auto="1" />
				<Option working_dir="../../bin/Pinball/" />
				<Option object_output="obj/Debug_MinGW/" />
				<Option type="1" />
				<Option compiler="gnu_gcc_compiler_64_bit" />
				<Compiler>
					<Add option="-g" />
					<Add directory="../../src" />
				</Compiler>
			</Target>
			<Target title="Pinball Release">
				<Option output="../../bin/Pinball/pinball" prefix_auto="1" extension_auto="1" />
				<Option working_dir="../../bin/Pinball/" />
				<Option object_output="obj/Release_MinGW/" />
				<Option type="1" />
				<Option compiler="gnu_gcc_compiler_64_bit" />
				<Compiler>
					<Add option="-O3" />
					<Add directory="../../src" />
				</Compiler>
				<Linker>
					<Add option="-s" />
				</Linker>
			</Target>
			<Target title="PubLiippari Debug">
				<Option output="../../bin/PubLiippari/publiippari_debug" prefix_auto="1" extension_auto="1" />
				<Option working_dir="../../bin/PubLiippari/" />
				<Option object_output="obj/Debug_MinGW/" />
				<Option type="1" />
				<Option compiler="gnu_gcc_compiler_64_bit" />
				<Compiler>
					<Add option="-g" />
					<Add directory="../../src" />
				</Compiler>
			</Target>
			<Target title="PubLiippari Release">
				<Option output="../../bin/PubLiippari/publiippari" prefix_auto="1" extension_auto="1" />
				<Option working_dir="../../bin/PubLiippari/" />
				<Option object_output="obj/Release_MinGW/" />
				<Option type="1" />
				<Option compiler="gnu_gcc_compiler_64_bit" />
				<Compiler>
					<Add option="-O3" />
					<Add directory="../../src" />
				</Compiler>
				<Linker>
					<Add option="-s" />
				</Linker>
			</Target>
			<Target title="RocketZ Debug">
				<Option output="../../bin/RocketZ/rocketz_debug" prefix_auto="1" extension_auto="1" />
				<Option working_dir="../../bin/RocketZ/" />
				<Option object_output="obj/Debug_MinGW/" />
				<Option type="1" />
				<Option compiler="gnu_gcc_compiler_64_bit" />
				<Compiler>
					<Add option="-g" />
					<Add directory="../../src" />
				</Compiler>
			</Target>
			<Target title="RocketZ Release">
				<Option output="../../bin/RocketZ/rocketz" prefix_auto="1" extension_auto="1" />
				<Option working_dir="../../bin/RocketZ/" />
				<Option object_output="obj/Release_MinGW/" />
				<Option type="1" />
				<Option compiler="gnu_gcc_compiler_64_bit" />
				<Compiler>
					<Add option="-O3" />
					<Add directory="../../src" />
				</Compiler>
				<Linker>
					<Add option="-s" />
				</Linker>
			</Target>
			<Target title="Tetrex Debug">
				<Option output="../../bin/Tetrex/tetrex_debug" prefix_auto="1" extension_auto="1" />
				<Option working_dir="../../bin/Tetrex/" />
				<Option object_output="obj/Debug_MinGW/" />
				<Option type="1" />
				<Option compiler="gnu_gcc_compiler_64_bit" />
				<Compiler>
					<Add option="-g" />
					<Add directory="../../src" />
				</Compiler>
			</Target>
			<Target title="Tetrex Release">
				<Option output="../../bin/Tetrex/tetrex" prefix_auto="1" extension_auto="1" />
				<Option working_dir="../../bin/Tetrex/" />
				<Option object_output="obj/Release_MinGW/" />
				<Option type="1" />
				<Option compiler="gnu_gcc_compiler_64_bit" />
				<Compiler>
					<Add option="-O3" />
					<Add directory="../../src" />
				</Compiler>
				<Linker>
					<Add option="-s" />
				</Linker>
			</Target>
		</Build>
		<Compiler>
			<Add option="-Wall" />
		</Compiler>
		<Linker>
			<Add library="mingw32" />
			<Add library="SDL2main" />
			<Add library="SDL2.dll" />
			<Add library="SDL2_mixer.dll" />
			<Add library="SDL2_image.dll" />
			<Add library="SDL2_ttf.dll" />
		</Linker>
		<Unit filename="../audio.cpp" />
		<Unit filename="../audio.hpp" />
		<Unit filename="../camera.cpp">
			<Option target="SFE Demo Debug" />
			<Option target="SFE Demo Release" />
			<Option target="SFE Benchmark Debug" />
			<Option target="SFE Benchmark Release" />
		</Unit>
		<Unit filename="../camera.hpp">
			<Option target="SFE Demo Debug" />
			<Option target="SFE Demo Release" />
			<Option target="SFE Benchmark Debug" />
			<Option target="SFE Benchmark Release" />
		</Unit>
		<Unit filename="../color.cpp" />
		<Unit filename="../color.hpp" />
		<Unit filename="../config.cpp" />
		<Unit filename="../config.hpp" />
		<Unit filename="../debug.cpp" />
		<Unit filename="../debug.hpp" />
		<Unit filename="../display.cpp" />
		<Unit filename="../display.hpp" />
		<Unit filename="../effux_circles.cpp" />
		<Unit filename="../effux_circles.hpp" />
		<Unit filename="../effux_fire.cpp">
			<Option target="RocketZ Debug" />
			<Option target="RocketZ Release" />
		</Unit>
		<Unit filename="../effux_fire.hpp">
			<Option target="RocketZ Debug" />
			<Option target="RocketZ Release" />
		</Unit>
		<Unit filename="../effux_motionblur.cpp">
			<Option target="SFE Demo Debug" />
			<Option target="SFE Demo Release" />
		</Unit>
		<Unit filename="../effux_motionblur.hpp">
			<Option target="SFE Demo Debug" />
			<Option target="SFE Demo Release" />
		</Unit>
		<Unit filename="../effux_sky.cpp">
			<Option target="RocketZ Debug" />
			<Option target="RocketZ Release" />
		</Unit>
		<Unit filename="../effux_sky.hpp">
			<Option target="RocketZ Debug" />
			<Option target="RocketZ Release" />
		</Unit>
		<Unit filename="../effux_smoke.cpp">
			<Option target="RocketZ Debug" />
			<Option target="RocketZ Release" />
		</Unit>
		<Unit filename="../effux_smoke.hpp">
			<Option target="RocketZ Debug" />
			<Option target="RocketZ Release" />
		</Unit>
		<Unit filename="../effux_textscroller.cpp">
			<Option target="RocketZ Debug" />
			<Option target="RocketZ Release" />
		</Unit>
		<Unit filename="../effux_textscroller.hpp">
			<Option target="RocketZ Debug" />
			<Option target="RocketZ Release" />
		</Unit>
		<Unit filename="../effux_twister.cpp">
			<Option target="SFE Demo Debug" />
			<Option target="SFE Demo Release" />
		</Unit>
		<Unit filename="../effux_twister.hpp">
			<Option target="SFE Demo Debug" />
			<Option target="SFE Demo Release" />
		</Unit>
		<Unit filename="../geom.cpp" />
		<Unit filename="../geom.hpp" />
		<Unit filename="../grapher.cpp" />
		<Unit filename="../grapher.hpp" />
		<Unit filename="../gui.cpp" />
		<Unit filename="../gui.hpp" />
		<Unit filename="../inputdevices.cpp" />
		<Unit filename="../inputdevices.hpp" />
		<Unit filename="../main.cpp">
			<Option target="SFE Debug" />
			<Option target="SFE Release" />
		</Unit>
		<Unit filename="../main.hpp">
			<Option target="SFE Debug" />
			<Option target="SFE Release" />
		</Unit>
		<Unit filename="../midi.cpp" />
		<Unit filename="../midi.hpp" />
		<Unit filename="../misc.cpp" />
		<Unit filename="../misc.hpp" />
		<Unit filename="../network.cpp" />
		<Unit filename="../network.hpp" />
		<Unit filename="../options.hpp" />
		<Unit filename="../particle.cpp">
			<Option target="RocketZ Debug" />
			<Option target="RocketZ Release" />
		</Unit>
		<Unit filename="../particle.hpp">
			<Option target="RocketZ Debug" />
			<Option target="RocketZ Release" />
		</Unit>
		<Unit filename="../program.cpp" />
		<Unit filename="../program.hpp" />
		<Unit filename="../programs/cavebombers/cavebombers.cpp">
			<Option target="CaveBombers Debug" />
			<Option target="CaveBombers Release" />
			<Option target="CaveBombers Release" />
		</Unit>
		<Unit filename="../programs/cavebombers/cavebombers.hpp">
			<Option target="CaveBombers Debug" />
			<Option target="CaveBombers Release" />
			<Option target="CaveBombers Release" />
		</Unit>
		<Unit filename="../programs/cavebombers/filenames.hpp">
			<Option target="CaveBombers Debug" />
			<Option target="CaveBombers Release" />
		</Unit>
		<Unit filename="../programs/cavebombers/main.cpp">
			<Option target="CaveBombers Debug" />
			<Option target="CaveBombers Release" />
		</Unit>
		<Unit filename="../programs/pinball/filenames.hpp">
			<Option target="Pinball Debug" />
			<Option target="Pinball Release" />
		</Unit>
		<Unit filename="../programs/pinball/main.cpp">
			<Option target="Pinball Debug" />
			<Option target="Pinball Release" />
		</Unit>
		<Unit filename="../programs/pinball/pinball.cpp">
			<Option target="Pinball Debug" />
			<Option target="Pinball Release" />
		</Unit>
		<Unit filename="../programs/pinball/pinball.hpp">
			<Option target="Pinball Debug" />
			<Option target="Pinball Release" />
		</Unit>
		<Unit filename="../programs/publiippari/filenames.hpp">
			<Option target="PubLiippari Debug" />
			<Option target="PubLiippari Release" />
		</Unit>
		<Unit filename="../programs/publiippari/main.cpp">
			<Option target="PubLiippari Debug" />
			<Option target="PubLiippari Release" />
		</Unit>
		<Unit filename="../programs/publiippari/publiippari.cpp">
			<Option target="PubLiippari Debug" />
			<Option target="PubLiippari Release" />
		</Unit>
		<Unit filename="../programs/publiippari/publiippari.hpp">
			<Option target="PubLiippari Debug" />
			<Option target="PubLiippari Release" />
		</Unit>
		<Unit filename="../programs/rocketz/base.cpp">
			<Option target="RocketZ Debug" />
			<Option target="RocketZ Release" />
		</Unit>
		<Unit filename="../programs/rocketz/base.hpp">
			<Option target="RocketZ Debug" />
			<Option target="RocketZ Release" />
		</Unit>
		<Unit filename="../programs/rocketz/building.cpp">
			<Option target="RocketZ Debug" />
			<Option target="RocketZ Release" />
		</Unit>
		<Unit filename="../programs/rocketz/building.hpp">
			<Option target="RocketZ Debug" />
			<Option target="RocketZ Release" />
		</Unit>
		<Unit filename="../programs/rocketz/bullet.cpp">
			<Option target="RocketZ Debug" />
			<Option target="RocketZ Release" />
		</Unit>
		<Unit filename="../programs/rocketz/bullet.hpp">
			<Option target="RocketZ Debug" />
			<Option target="RocketZ Release" />
		</Unit>
		<Unit filename="../programs/rocketz/computerplayer.cpp">
			<Option target="RocketZ Debug" />
			<Option target="RocketZ Release" />
		</Unit>
		<Unit filename="../programs/rocketz/computerplayer.hpp">
			<Option target="RocketZ Debug" />
			<Option target="RocketZ Release" />
		</Unit>
		<Unit filename="../programs/rocketz/filenames.hpp">
			<Option target="RocketZ Debug" />
			<Option target="RocketZ Release" />
		</Unit>
		<Unit filename="../programs/rocketz/gadget.cpp">
			<Option target="RocketZ Debug" />
			<Option target="RocketZ Release" />
		</Unit>
		<Unit filename="../programs/rocketz/gadget.hpp">
			<Option target="RocketZ Debug" />
			<Option target="RocketZ Release" />
		</Unit>
		<Unit filename="../programs/rocketz/gameobject.cpp">
			<Option target="RocketZ Debug" />
			<Option target="RocketZ Release" />
		</Unit>
		<Unit filename="../programs/rocketz/gameobject.hpp">
			<Option target="RocketZ Debug" />
			<Option target="RocketZ Release" />
		</Unit>
		<Unit filename="../programs/rocketz/gameplay.cpp">
			<Option target="RocketZ Debug" />
			<Option target="RocketZ Release" />
		</Unit>
		<Unit filename="../programs/rocketz/gameplay.hpp">
			<Option target="RocketZ Debug" />
			<Option target="RocketZ Release" />
		</Unit>
		<Unit filename="../programs/rocketz/human.cpp">
			<Option target="RocketZ Debug" />
			<Option target="RocketZ Release" />
		</Unit>
		<Unit filename="../programs/rocketz/human.hpp">
			<Option target="RocketZ Debug" />
			<Option target="RocketZ Release" />
		</Unit>
		<Unit filename="../programs/rocketz/item.cpp">
			<Option target="RocketZ Debug" />
			<Option target="RocketZ Release" />
		</Unit>
		<Unit filename="../programs/rocketz/item.hpp">
			<Option target="RocketZ Debug" />
			<Option target="RocketZ Release" />
		</Unit>
		<Unit filename="../programs/rocketz/land.cpp">
			<Option target="RocketZ Debug" />
			<Option target="RocketZ Release" />
		</Unit>
		<Unit filename="../programs/rocketz/land.hpp">
			<Option target="RocketZ Debug" />
			<Option target="RocketZ Release" />
		</Unit>
		<Unit filename="../programs/rocketz/level.cpp">
			<Option target="RocketZ Debug" />
			<Option target="RocketZ Release" />
		</Unit>
		<Unit filename="../programs/rocketz/level.hpp">
			<Option target="RocketZ Debug" />
			<Option target="RocketZ Release" />
		</Unit>
		<Unit filename="../programs/rocketz/main.cpp">
			<Option target="RocketZ Debug" />
			<Option target="RocketZ Release" />
		</Unit>
		<Unit filename="../programs/rocketz/player.cpp">
			<Option target="RocketZ Debug" />
			<Option target="RocketZ Release" />
		</Unit>
		<Unit filename="../programs/rocketz/player.hpp">
			<Option target="RocketZ Debug" />
			<Option target="RocketZ Release" />
		</Unit>
		<Unit filename="../programs/rocketz/rain.cpp">
			<Option target="RocketZ Debug" />
			<Option target="RocketZ Release" />
		</Unit>
		<Unit filename="../programs/rocketz/rain.hpp">
			<Option target="RocketZ Debug" />
			<Option target="RocketZ Release" />
		</Unit>
		<Unit filename="../programs/rocketz/rocketz.cpp">
			<Option target="RocketZ Debug" />
			<Option target="RocketZ Release" />
		</Unit>
		<Unit filename="../programs/rocketz/rocketz.hpp">
			<Option target="RocketZ Debug" />
			<Option target="RocketZ Release" />
		</Unit>
		<Unit filename="../programs/rocketz/shield.cpp">
			<Option target="RocketZ Debug" />
			<Option target="RocketZ Release" />
		</Unit>
		<Unit filename="../programs/rocketz/shield.hpp">
			<Option target="RocketZ Debug" />
			<Option target="RocketZ Release" />
		</Unit>
		<Unit filename="../programs/rocketz/shop.cpp">
			<Option target="RocketZ Debug" />
			<Option target="RocketZ Release" />
		</Unit>
		<Unit filename="../programs/rocketz/shop.hpp">
			<Option target="RocketZ Debug" />
			<Option target="RocketZ Release" />
		</Unit>
		<Unit filename="../programs/rocketz/vehicle.cpp">
			<Option target="RocketZ Debug" />
			<Option target="RocketZ Release" />
		</Unit>
		<Unit filename="../programs/rocketz/vehicle.hpp">
			<Option target="RocketZ Debug" />
			<Option target="RocketZ Release" />
		</Unit>
		<Unit filename="../programs/rocketz/weapon.cpp">
			<Option target="RocketZ Debug" />
			<Option target="RocketZ Release" />
		</Unit>
		<Unit filename="../programs/rocketz/weapon.hpp">
			<Option target="RocketZ Debug" />
			<Option target="RocketZ Release" />
		</Unit>
		<Unit filename="../programs/sfe_benchmark/main.cpp">
			<Option target="SFE Benchmark Debug" />
			<Option target="SFE Benchmark Release" />
		</Unit>
		<Unit filename="../programs/sfe_benchmark/sfe_benchmark.cpp">
			<Option target="SFE Benchmark Debug" />
			<Option target="SFE Benchmark Release" />
		</Unit>
		<Unit filename="../programs/sfe_benchmark/sfe_benchmark.hpp">
			<Option target="SFE Benchmark Debug" />
			<Option target="SFE Benchmark Release" />
		</Unit>
		<Unit filename="../programs/sfe_demo/main.cpp">
			<Option target="SFE Demo Debug" />
			<Option target="SFE Demo Release" />
		</Unit>
		<Unit filename="../programs/sfe_demo/sfe_demo.cpp">
			<Option target="SFE Demo Debug" />
			<Option target="SFE Demo Release" />
		</Unit>
		<Unit filename="../programs/sfe_demo/sfe_demo.hpp">
			<Option target="SFE Demo Debug" />
			<Option target="SFE Demo Release" />
		</Unit>
		<Unit filename="../programs/tetrex/filenames.hpp">
			<Option target="Tetrex Debug" />
			<Option target="Tetrex Release" />
		</Unit>
		<Unit filename="../programs/tetrex/main.cpp">
			<Option target="Tetrex Debug" />
			<Option target="Tetrex Release" />
		</Unit>
		<Unit filename="../programs/tetrex/tetrex.cpp">
			<Option target="Tetrex Debug" />
			<Option target="Tetrex Release" />
		</Unit>
		<Unit filename="../programs/tetrex/tetrex.hpp">
			<Option target="Tetrex Debug" />
			<Option target="Tetrex Release" />
		</Unit>
		<Unit filename="../projectile.cpp" />
		<Unit filename="../projectile.hpp" />
		<Unit filename="../sprite.cpp">
			<Option target="SFE Demo Debug" />
			<Option target="SFE Demo Release" />
			<Option target="SFE Benchmark Debug" />
			<Option target="SFE Benchmark Release" />
		</Unit>
		<Unit filename="../sprite.hpp">
			<Option target="SFE Demo Debug" />
			<Option target="SFE Demo Release" />
			<Option target="SFE Benchmark Debug" />
			<Option target="SFE Benchmark Release" />
		</Unit>
		<Unit filename="../timeline.cpp" />
		<Unit filename="../timeline.hpp" />
		<Unit filename="../types.hpp" />
		<Unit filename="../water.cpp" />
		<Unit filename="../water.hpp" />
		<Unit filename="../world.cpp">
			<Option target="SFE Demo Debug" />
			<Option target="SFE Demo Release" />
			<Option target="SFE Benchmark Debug" />
			<Option target="SFE Benchmark Release" />
		</Unit>
		<Unit filename="../world.hpp">
			<Option target="SFE Demo Debug" />
			<Option target="SFE Demo Release" />
			<Option target="SFE Benchmark Debug" />
			<Option target="SFE Benchmark Release" />
		</Unit>
		<Unit filename="../zbuf.cpp" />
		<Unit filename="../zbuf.hpp" />
		<Extensions>
			<code_completion />
			<envvars />
			<debugger />
		</Extensions>
	</Project>
</CodeBlocks_project_file>
